
Microsoft Visual Studio Solution File, Format Version 12.00
# Visual Studio 15
VisualStudioVersion = 15.0.26730.16
MinimumVisualStudioVersion = 10.0.40219.1
Project("{FAE04EC0-301F-11D3-BF4B-00C04F79EFBC}") = "HelloWorld", "ConsoleApp1\HelloWorld.csproj", "{3569D257-5A2D-4080-8F81-CAF15D4DD800}"
EndProject
Project("{2150E333-8FDC-42A3-9474-1A3956D46DE8}") = "Externals", "Externals", "{1AF93E68-66C0-41F7-A43E-2FE326BE5762}"
EndProject
Project("{FAE04EC0-301F-11D3-BF4B-00C04F79EFBC}") = "TheAnsweringMachine", "..\..\Core\TheAnsweringMachine\TheAnsweringMachine\TheAnsweringMachine.csproj", "{5EA77B8C-6C6D-45C3-9DF8-C89F40288D6F}"
EndProject
Global
	GlobalSection(SolutionConfigurationPlatforms) = preSolution
		Debug|Any CPU = Debug|Any CPU
		Release|Any CPU = Release|Any CPU
	EndGlobalSection
	GlobalSection(ProjectConfigurationPlatforms) = postSolution
		{3569D257-5A2D-4080-8F81-CAF15D4DD800}.Debug|Any CPU.ActiveCfg = Debug|Any CPU
		{3569D257-5A2D-4080-8F81-CAF15D4DD800}.Debug|Any CPU.Build.0 = Debug|Any CPU
		{3569D257-5A2D-4080-8F81-CAF15D4DD800}.Release|Any CPU.ActiveCfg = Release|Any CPU
		{3569D257-5A2D-4080-8F81-CAF15D4DD800}.Release|Any CPU.Build.0 = Release|Any CPU
		{5EA77B8C-6C6D-45C3-9DF8-C89F40288D6F}.Debug|Any CPU.ActiveCfg = Debug|Any CPU
		{5EA77B8C-6C6D-45C3-9DF8-C89F40288D6F}.Debug|Any CPU.Build.0 = Debug|Any CPU
		{5EA77B8C-6C6D-45C3-9DF8-C89F40288D6F}.Release|Any CPU.ActiveCfg = Release|Any CPU
		{5EA77B8C-6C6D-45C3-9DF8-C89F40288D6F}.Release|Any CPU.Build.0 = Release|Any CPU
	EndGlobalSection
	GlobalSection(SolutionProperties) = preSolution
		HideSolutionNode = FALSE
	EndGlobalSection
	GlobalSection(NestedProjects) = preSolution
		{5EA77B8C-6C6D-45C3-9DF8-C89F40288D6F} = {1AF93E68-66C0-41F7-A43E-2FE326BE5762}
	EndGlobalSection
	GlobalSection(ExtensibilityGlobals) = postSolution
		SolutionGuid = {355DC0EB-A48C-4F33-AEAC-4586004DFB77}
	EndGlobalSection
EndGlobal
